
Microsoft Visual Studio Solution File, Format Version 12.00
# Visual Studio Version 16
VisualStudioVersion = 16.0.31624.102
MinimumVisualStudioVersion = 10.0.40219.1
Project("{9A19103F-16F7-4668-BE54-9A1E7A4F7556}") = "ConsoleApp1", "ConsoleApp1\ConsoleApp1.csproj", "{86CA7AB9-15F0-4F2F-869C-200398DE8374}"
EndProject
Global
	GlobalSection(SolutionConfigurationPlatforms) = preSolution
		Debug|Any CPU = Debug|Any CPU
		Release|Any CPU = Release|Any CPU
	EndGlobalSection
	GlobalSection(ProjectConfigurationPlatforms) = postSolution
		{86CA7AB9-15F0-4F2F-869C-200398DE8374}.Debug|Any CPU.ActiveCfg = Debug|Any CPU
		{86CA7AB9-15F0-4F2F-869C-200398DE8374}.Debug|Any CPU.Build.0 = Debug|Any CPU
		{86CA7AB9-15F0-4F2F-869C-200398DE8374}.Release|Any CPU.ActiveCfg = Release|Any CPU
		{86CA7AB9-15F0-4F2F-869C-200398DE8374}.Release|Any CPU.Build.0 = Release|Any CPU
	EndGlobalSection
	GlobalSection(SolutionProperties) = preSolution
		HideSolutionNode = FALSE
	EndGlobalSection
	GlobalSection(ExtensibilityGlobals) = postSolution
		SolutionGuid = {643AA87B-B64D-4C54-BB7D-BCB159D56DAE}
	EndGlobalSection
EndGlobal
